
Microsoft Visual Studio Solution File, Format Version 12.00
Project("{F2A71F9B-5D33-465A-A702-920D77279786}") = "Kata05.BloomFilters", "Kata05.BloomFilters\Kata05.BloomFilters.fsproj", "{8F7A364D-97FA-42AB-B32C-0BC54E6BCD1B}"
EndProject
Project("{F2A71F9B-5D33-465A-A702-920D77279786}") = "Kata05.BloomFilters.Test", "Kata05.BloomFilters.Test\Kata05.BloomFilters.Test.fsproj", "{ED79C3CD-E4AF-4264-B658-026B707725BB}"
EndProject
Project("{F2A71F9B-5D33-465A-A702-920D77279786}") = "Kata09.BackToTheCheckout", "Kata09.BackToTheCheckout\Kata09.BackToTheCheckout.fsproj", "{52FD1AF7-0CBC-42F6-87FE-00BC6381F762}"
EndProject
Project("{F2A71F9B-5D33-465A-A702-920D77279786}") = "Kata09.BackToTheCheckout.Test", "Kata09.BackToTheCheckout.Test\Kata09.BackToTheCheckout.Test.fsproj", "{1B67EB02-4E41-40A4-B9C1-728811089908}"
EndProject
Project("{F2A71F9B-5D33-465A-A702-920D77279786}") = "Kata11.SortingItOut", "Kata11.SortingItOut\Kata11.SortingItOut.fsproj", "{22E45A32-A53A-404E-9E0A-377D570F886F}"
EndProject
Project("{F2A71F9B-5D33-465A-A702-920D77279786}") = "Kata11.SortingItOut.Test", "Kata11.SortingItOut.Test\Kata11.SortingItOut.Test.fsproj", "{C08E3FA6-2D59-460C-BE38-9069E6374046}"
EndProject
Global
	GlobalSection(SolutionConfigurationPlatforms) = preSolution
		Debug|Any CPU = Debug|Any CPU
		Release|Any CPU = Release|Any CPU
	EndGlobalSection
	GlobalSection(ProjectConfigurationPlatforms) = postSolution
		{8F7A364D-97FA-42AB-B32C-0BC54E6BCD1B}.Debug|Any CPU.ActiveCfg = Debug|Any CPU
		{8F7A364D-97FA-42AB-B32C-0BC54E6BCD1B}.Debug|Any CPU.Build.0 = Debug|Any CPU
		{8F7A364D-97FA-42AB-B32C-0BC54E6BCD1B}.Release|Any CPU.ActiveCfg = Release|Any CPU
		{8F7A364D-97FA-42AB-B32C-0BC54E6BCD1B}.Release|Any CPU.Build.0 = Release|Any CPU
		{ED79C3CD-E4AF-4264-B658-026B707725BB}.Debug|Any CPU.ActiveCfg = Debug|Any CPU
		{ED79C3CD-E4AF-4264-B658-026B707725BB}.Debug|Any CPU.Build.0 = Debug|Any CPU
		{ED79C3CD-E4AF-4264-B658-026B707725BB}.Release|Any CPU.ActiveCfg = Release|Any CPU
		{ED79C3CD-E4AF-4264-B658-026B707725BB}.Release|Any CPU.Build.0 = Release|Any CPU
		{52FD1AF7-0CBC-42F6-87FE-00BC6381F762}.Debug|Any CPU.ActiveCfg = Debug|Any CPU
		{52FD1AF7-0CBC-42F6-87FE-00BC6381F762}.Debug|Any CPU.Build.0 = Debug|Any CPU
		{52FD1AF7-0CBC-42F6-87FE-00BC6381F762}.Release|Any CPU.ActiveCfg = Release|Any CPU
		{52FD1AF7-0CBC-42F6-87FE-00BC6381F762}.Release|Any CPU.Build.0 = Release|Any CPU
		{1B67EB02-4E41-40A4-B9C1-728811089908}.Debug|Any CPU.ActiveCfg = Debug|Any CPU
		{1B67EB02-4E41-40A4-B9C1-728811089908}.Debug|Any CPU.Build.0 = Debug|Any CPU
		{1B67EB02-4E41-40A4-B9C1-728811089908}.Release|Any CPU.ActiveCfg = Release|Any CPU
		{1B67EB02-4E41-40A4-B9C1-728811089908}.Release|Any CPU.Build.0 = Release|Any CPU
		{22E45A32-A53A-404E-9E0A-377D570F886F}.Debug|Any CPU.ActiveCfg = Debug|Any CPU
		{22E45A32-A53A-404E-9E0A-377D570F886F}.Debug|Any CPU.Build.0 = Debug|Any CPU
		{22E45A32-A53A-404E-9E0A-377D570F886F}.Release|Any CPU.ActiveCfg = Release|Any CPU
		{22E45A32-A53A-404E-9E0A-377D570F886F}.Release|Any CPU.Build.0 = Release|Any CPU
		{C08E3FA6-2D59-460C-BE38-9069E6374046}.Debug|Any CPU.ActiveCfg = Debug|Any CPU
		{C08E3FA6-2D59-460C-BE38-9069E6374046}.Debug|Any CPU.Build.0 = Debug|Any CPU
		{C08E3FA6-2D59-460C-BE38-9069E6374046}.Release|Any CPU.ActiveCfg = Release|Any CPU
		{C08E3FA6-2D59-460C-BE38-9069E6374046}.Release|Any CPU.Build.0 = Release|Any CPU
	EndGlobalSection
EndGlobal
